
Microsoft Visual Studio Solution File, Format Version 12.00
# Visual Studio Version 16
VisualStudioVersion = 16.0.31624.102
MinimumVisualStudioVersion = 10.0.40219.1
Project("{9A19103F-16F7-4668-BE54-9A1E7A4F7556}") = "MonsterTradingCardGame", "MonsterTradingCardGame\MonsterTradingCardGame.csproj", "{CF4BFB26-AF41-4E73-896F-616263CB00AB}"
EndProject
Project("{FAE04EC0-301F-11D3-BF4B-00C04F79EFBC}") = "MonsterTradingCardGameTests", "MonsterTradingCardGameTests\MonsterTradingCardGameTests.csproj", "{6687D38A-35EC-455C-A040-1D25E438B627}"
EndProject
Global
	GlobalSection(SolutionConfigurationPlatforms) = preSolution
		Debug|Any CPU = Debug|Any CPU
		Release|Any CPU = Release|Any CPU
	EndGlobalSection
	GlobalSection(ProjectConfigurationPlatforms) = postSolution
		{CF4BFB26-AF41-4E73-896F-616263CB00AB}.Debug|Any CPU.ActiveCfg = Debug|Any CPU
		{CF4BFB26-AF41-4E73-896F-616263CB00AB}.Debug|Any CPU.Build.0 = Debug|Any CPU
		{CF4BFB26-AF41-4E73-896F-616263CB00AB}.Release|Any CPU.ActiveCfg = Release|Any CPU
		{CF4BFB26-AF41-4E73-896F-616263CB00AB}.Release|Any CPU.Build.0 = Release|Any CPU
		{6687D38A-35EC-455C-A040-1D25E438B627}.Debug|Any CPU.ActiveCfg = Debug|Any CPU
		{6687D38A-35EC-455C-A040-1D25E438B627}.Debug|Any CPU.Build.0 = Debug|Any CPU
		{6687D38A-35EC-455C-A040-1D25E438B627}.Release|Any CPU.ActiveCfg = Release|Any CPU
		{6687D38A-35EC-455C-A040-1D25E438B627}.Release|Any CPU.Build.0 = Release|Any CPU
	EndGlobalSection
	GlobalSection(SolutionProperties) = preSolution
		HideSolutionNode = FALSE
	EndGlobalSection
	GlobalSection(ExtensibilityGlobals) = postSolution
		SolutionGuid = {2B36A21F-00BA-4A25-9944-231D9A7D1D23}
	EndGlobalSection
EndGlobal
